// !$*UTF8*$!
{
	archiveVersion = 1;
	classes = {
	};
	objectVersion = 46;
	objects = {

/* Begin PBXBuildFile section */
		120466BC1CA3F726009CEF7C /* NSObject+GNUStepAddons.m in Sources */ = {isa = PBXBuildFile; fileRef = 120466BB1CA3F726009CEF7C /* NSObject+GNUStepAddons.m */; };
		120466BF1CA3F76B009CEF7C /* FRTSimpleViewController.m in Sources */ = {isa = PBXBuildFile; fileRef = 120466BE1CA3F76B009CEF7C /* FRTSimpleViewController.m */; };
		120466C11CA3F7A7009CEF7C /* FRTSimpleViewController.xib in Resources */ = {isa = PBXBuildFile; fileRef = 120466C01CA3F7A7009CEF7C /* FRTSimpleViewController.xib */; };
		120466C51CA3F98D009CEF7C /* FRTMoney.m in Sources */ = {isa = PBXBuildFile; fileRef = 120466C41CA3F98D009CEF7C /* FRTMoney.m */; };
		120466C81CA3FAFA009CEF7C /* FRTBroker.m in Sources */ = {isa = PBXBuildFile; fileRef = 120466C71CA3FAFA009CEF7C /* FRTBroker.m */; };
		120466CB1CA3FC4E009CEF7C /* FRTWallet.m in Sources */ = {isa = PBXBuildFile; fileRef = 120466CA1CA3FC4E009CEF7C /* FRTWallet.m */; };
		120466CE1CA44C24009CEF7C /* FRTWalletTableViewController.m in Sources */ = {isa = PBXBuildFile; fileRef = 120466CD1CA44C24009CEF7C /* FRTWalletTableViewController.m */; };
		120466D41CA45024009CEF7C /* FRTNetworkTest.m in Sources */ = {isa = PBXBuildFile; fileRef = 120466D31CA45024009CEF7C /* FRTNetworkTest.m */; };
		120466D81CA450A5009CEF7C /* FRTFakeNotificationCenter.m in Sources */ = {isa = PBXBuildFile; fileRef = 120466D71CA450A5009CEF7C /* FRTFakeNotificationCenter.m */; };
		120466DA1CA450FA009CEF7C /* FRTNSNotificationCenterTests.m in Sources */ = {isa = PBXBuildFile; fileRef = 120466D91CA450FA009CEF7C /* FRTNSNotificationCenterTests.m */; };
		120466DD1CA451DA009CEF7C /* FRTControllerTest.m in Sources */ = {isa = PBXBuildFile; fileRef = 120466DC1CA451DA009CEF7C /* FRTControllerTest.m */; };
		120466E01CA455C5009CEF7C /* FRTMoneyTests.m in Sources */ = {isa = PBXBuildFile; fileRef = 120466DF1CA455C5009CEF7C /* FRTMoneyTests.m */; };
		120466E21CA456B8009CEF7C /* FRTBrokerTests.m in Sources */ = {isa = PBXBuildFile; fileRef = 120466E11CA456B8009CEF7C /* FRTBrokerTests.m */; };
		120466E41CA45759009CEF7C /* FRTWalletTests.m in Sources */ = {isa = PBXBuildFile; fileRef = 120466E31CA45759009CEF7C /* FRTWalletTests.m */; };
		12FCA5B61C9F1B4A00A766DA /* main.m in Sources */ = {isa = PBXBuildFile; fileRef = 12FCA5B51C9F1B4A00A766DA /* main.m */; };
		12FCA5B91C9F1B4A00A766DA /* AppDelegate.m in Sources */ = {isa = PBXBuildFile; fileRef = 12FCA5B81C9F1B4A00A766DA /* AppDelegate.m */; };
		12FCA5BC1C9F1B4A00A766DA /* ViewController.m in Sources */ = {isa = PBXBuildFile; fileRef = 12FCA5BB1C9F1B4A00A766DA /* ViewController.m */; };
		12FCA5BF1C9F1B4A00A766DA /* Main.storyboard in Resources */ = {isa = PBXBuildFile; fileRef = 12FCA5BD1C9F1B4A00A766DA /* Main.storyboard */; };
		12FCA5C11C9F1B4A00A766DA /* Assets.xcassets in Resources */ = {isa = PBXBuildFile; fileRef = 12FCA5C01C9F1B4A00A766DA /* Assets.xcassets */; };
		12FCA5C41C9F1B4A00A766DA /* LaunchScreen.storyboard in Resources */ = {isa = PBXBuildFile; fileRef = 12FCA5C21C9F1B4A00A766DA /* LaunchScreen.storyboard */; };
		12FCA5CF1C9F1B4A00A766DA /* WalletTests.m in Sources */ = {isa = PBXBuildFile; fileRef = 12FCA5CE1C9F1B4A00A766DA /* WalletTests.m */; };
/* End PBXBuildFile section */

/* Begin PBXContainerItemProxy section */
		12FCA5CB1C9F1B4A00A766DA /* PBXContainerItemProxy */ = {
			isa = PBXContainerItemProxy;
			containerPortal = 12FCA5A91C9F1B4A00A766DA /* Project object */;
			proxyType = 1;
			remoteGlobalIDString = 12FCA5B01C9F1B4A00A766DA;
			remoteInfo = Wallet;
		};
/* End PBXContainerItemProxy section */

/* Begin PBXFileReference section */
		120466BA1CA3F726009CEF7C /* NSObject+GNUStepAddons.h */ = {isa = PBXFileReference; fileEncoding = 4; lastKnownFileType = sourcecode.c.h; path = "NSObject+GNUStepAddons.h"; sourceTree = "<group>"; };
		120466BB1CA3F726009CEF7C /* NSObject+GNUStepAddons.m */ = {isa = PBXFileReference; fileEncoding = 4; lastKnownFileType = sourcecode.c.objc; path = "NSObject+GNUStepAddons.m"; sourceTree = "<group>"; };
		120466BD1CA3F76B009CEF7C /* FRTSimpleViewController.h */ = {isa = PBXFileReference; fileEncoding = 4; lastKnownFileType = sourcecode.c.h; path = FRTSimpleViewController.h; sourceTree = "<group>"; };
		120466BE1CA3F76B009CEF7C /* FRTSimpleViewController.m */ = {isa = PBXFileReference; fileEncoding = 4; lastKnownFileType = sourcecode.c.objc; path = FRTSimpleViewController.m; sourceTree = "<group>"; };
		120466C01CA3F7A7009CEF7C /* FRTSimpleViewController.xib */ = {isa = PBXFileReference; fileEncoding = 4; lastKnownFileType = file.xib; path = FRTSimpleViewController.xib; sourceTree = "<group>"; };
		120466C31CA3F98D009CEF7C /* FRTMoney.h */ = {isa = PBXFileReference; fileEncoding = 4; lastKnownFileType = sourcecode.c.h; path = FRTMoney.h; sourceTree = "<group>"; };
		120466C41CA3F98D009CEF7C /* FRTMoney.m */ = {isa = PBXFileReference; fileEncoding = 4; lastKnownFileType = sourcecode.c.objc; path = FRTMoney.m; sourceTree = "<group>"; };
		120466C61CA3FAFA009CEF7C /* FRTBroker.h */ = {isa = PBXFileReference; fileEncoding = 4; lastKnownFileType = sourcecode.c.h; path = FRTBroker.h; sourceTree = "<group>"; };
		120466C71CA3FAFA009CEF7C /* FRTBroker.m */ = {isa = PBXFileReference; fileEncoding = 4; lastKnownFileType = sourcecode.c.objc; path = FRTBroker.m; sourceTree = "<group>"; };
		120466C91CA3FC4E009CEF7C /* FRTWallet.h */ = {isa = PBXFileReference; fileEncoding = 4; lastKnownFileType = sourcecode.c.h; path = FRTWallet.h; sourceTree = "<group>"; };
		120466CA1CA3FC4E009CEF7C /* FRTWallet.m */ = {isa = PBXFileReference; fileEncoding = 4; lastKnownFileType = sourcecode.c.objc; path = FRTWallet.m; sourceTree = "<group>"; };
		120466CC1CA44C24009CEF7C /* FRTWalletTableViewController.h */ = {isa = PBXFileReference; fileEncoding = 4; lastKnownFileType = sourcecode.c.h; path = FRTWalletTableViewController.h; sourceTree = "<group>"; };
		120466CD1CA44C24009CEF7C /* FRTWalletTableViewController.m */ = {isa = PBXFileReference; fileEncoding = 4; lastKnownFileType = sourcecode.c.objc; path = FRTWalletTableViewController.m; sourceTree = "<group>"; };
		120466D31CA45024009CEF7C /* FRTNetworkTest.m */ = {isa = PBXFileReference; fileEncoding = 4; lastKnownFileType = sourcecode.c.objc; path = FRTNetworkTest.m; sourceTree = "<group>"; };
		120466D61CA450A5009CEF7C /* FRTFakeNotificationCenter.h */ = {isa = PBXFileReference; fileEncoding = 4; lastKnownFileType = sourcecode.c.h; path = FRTFakeNotificationCenter.h; sourceTree = "<group>"; };
		120466D71CA450A5009CEF7C /* FRTFakeNotificationCenter.m */ = {isa = PBXFileReference; fileEncoding = 4; lastKnownFileType = sourcecode.c.objc; path = FRTFakeNotificationCenter.m; sourceTree = "<group>"; };
		120466D91CA450FA009CEF7C /* FRTNSNotificationCenterTests.m */ = {isa = PBXFileReference; fileEncoding = 4; lastKnownFileType = sourcecode.c.objc; path = FRTNSNotificationCenterTests.m; sourceTree = "<group>"; };
		120466DC1CA451DA009CEF7C /* FRTControllerTest.m */ = {isa = PBXFileReference; fileEncoding = 4; lastKnownFileType = sourcecode.c.objc; path = FRTControllerTest.m; sourceTree = "<group>"; };
		120466DF1CA455C5009CEF7C /* FRTMoneyTests.m */ = {isa = PBXFileReference; fileEncoding = 4; lastKnownFileType = sourcecode.c.objc; path = FRTMoneyTests.m; sourceTree = "<group>"; };
		120466E11CA456B8009CEF7C /* FRTBrokerTests.m */ = {isa = PBXFileReference; fileEncoding = 4; lastKnownFileType = sourcecode.c.objc; path = FRTBrokerTests.m; sourceTree = "<group>"; };
		120466E31CA45759009CEF7C /* FRTWalletTests.m */ = {isa = PBXFileReference; fileEncoding = 4; lastKnownFileType = sourcecode.c.objc; path = FRTWalletTests.m; sourceTree = "<group>"; };
		12FCA5B11C9F1B4A00A766DA /* Wallet.app */ = {isa = PBXFileReference; explicitFileType = wrapper.application; includeInIndex = 0; path = Wallet.app; sourceTree = BUILT_PRODUCTS_DIR; };
		12FCA5B51C9F1B4A00A766DA /* main.m */ = {isa = PBXFileReference; lastKnownFileType = sourcecode.c.objc; path = main.m; sourceTree = "<group>"; };
		12FCA5B71C9F1B4A00A766DA /* AppDelegate.h */ = {isa = PBXFileReference; lastKnownFileType = sourcecode.c.h; path = AppDelegate.h; sourceTree = "<group>"; };
		12FCA5B81C9F1B4A00A766DA /* AppDelegate.m */ = {isa = PBXFileReference; lastKnownFileType = sourcecode.c.objc; path = AppDelegate.m; sourceTree = "<group>"; };
		12FCA5BA1C9F1B4A00A766DA /* ViewController.h */ = {isa = PBXFileReference; lastKnownFileType = sourcecode.c.h; path = ViewController.h; sourceTree = "<group>"; };
		12FCA5BB1C9F1B4A00A766DA /* ViewController.m */ = {isa = PBXFileReference; lastKnownFileType = sourcecode.c.objc; path = ViewController.m; sourceTree = "<group>"; };
		12FCA5BE1C9F1B4A00A766DA /* Base */ = {isa = PBXFileReference; lastKnownFileType = file.storyboard; name = Base; path = Base.lproj/Main.storyboard; sourceTree = "<group>"; };
		12FCA5C01C9F1B4A00A766DA /* Assets.xcassets */ = {isa = PBXFileReference; lastKnownFileType = folder.assetcatalog; path = Assets.xcassets; sourceTree = "<group>"; };
		12FCA5C31C9F1B4A00A766DA /* Base */ = {isa = PBXFileReference; lastKnownFileType = file.storyboard; name = Base; path = Base.lproj/LaunchScreen.storyboard; sourceTree = "<group>"; };
		12FCA5C51C9F1B4A00A766DA /* Info.plist */ = {isa = PBXFileReference; lastKnownFileType = text.plist.xml; path = Info.plist; sourceTree = "<group>"; };
		12FCA5CA1C9F1B4A00A766DA /* WalletTests.xctest */ = {isa = PBXFileReference; explicitFileType = wrapper.cfbundle; includeInIndex = 0; path = WalletTests.xctest; sourceTree = BUILT_PRODUCTS_DIR; };
		12FCA5CE1C9F1B4A00A766DA /* WalletTests.m */ = {isa = PBXFileReference; lastKnownFileType = sourcecode.c.objc; path = WalletTests.m; sourceTree = "<group>"; };
		12FCA5D01C9F1B4A00A766DA /* Info.plist */ = {isa = PBXFileReference; lastKnownFileType = text.plist.xml; path = Info.plist; sourceTree = "<group>"; };
/* End PBXFileReference section */

/* Begin PBXFrameworksBuildPhase section */
		12FCA5AE1C9F1B4A00A766DA /* Frameworks */ = {
			isa = PBXFrameworksBuildPhase;
			buildActionMask = 2147483647;
			files = (
			);
			runOnlyForDeploymentPostprocessing = 0;
		};
		12FCA5C71C9F1B4A00A766DA /* Frameworks */ = {
			isa = PBXFrameworksBuildPhase;
			buildActionMask = 2147483647;
			files = (
			);
			runOnlyForDeploymentPostprocessing = 0;
		};
/* End PBXFrameworksBuildPhase section */

/* Begin PBXGroup section */
		120466B91CA3F718009CEF7C /* Categories */ = {
			isa = PBXGroup;
			children = (
				120466BA1CA3F726009CEF7C /* NSObject+GNUStepAddons.h */,
				120466BB1CA3F726009CEF7C /* NSObject+GNUStepAddons.m */,
			);
			name = Categories;
			sourceTree = "<group>";
		};
		120466C21CA3F8E0009CEF7C /* Models */ = {
			isa = PBXGroup;
			children = (
				120466C31CA3F98D009CEF7C /* FRTMoney.h */,
				120466C41CA3F98D009CEF7C /* FRTMoney.m */,
				120466C61CA3FAFA009CEF7C /* FRTBroker.h */,
				120466C71CA3FAFA009CEF7C /* FRTBroker.m */,
				120466C91CA3FC4E009CEF7C /* FRTWallet.h */,
				120466CA1CA3FC4E009CEF7C /* FRTWallet.m */,
			);
			name = Models;
			sourceTree = "<group>";
		};
		120466CF1CA44F48009CEF7C /* Network */ = {
			isa = PBXGroup;
			children = (
				120466D31CA45024009CEF7C /* FRTNetworkTest.m */,
			);
			name = Network;
			sourceTree = "<group>";
		};
		120466D51CA4506C009CEF7C /* Singeltons */ = {
			isa = PBXGroup;
			children = (
				120466D61CA450A5009CEF7C /* FRTFakeNotificationCenter.h */,
				120466D71CA450A5009CEF7C /* FRTFakeNotificationCenter.m */,
				120466D91CA450FA009CEF7C /* FRTNSNotificationCenterTests.m */,
			);
			name = Singeltons;
			sourceTree = "<group>";
		};
		120466DB1CA451B0009CEF7C /* Controller */ = {
			isa = PBXGroup;
			children = (
				120466DC1CA451DA009CEF7C /* FRTControllerTest.m */,
			);
			name = Controller;
			sourceTree = "<group>";
		};
		120466DE1CA45566009CEF7C /* Models */ = {
			isa = PBXGroup;
			children = (
				120466DF1CA455C5009CEF7C /* FRTMoneyTests.m */,
				120466E11CA456B8009CEF7C /* FRTBrokerTests.m */,
				120466E31CA45759009CEF7C /* FRTWalletTests.m */,
			);
			name = Models;
			sourceTree = "<group>";
		};
		12FCA5A81C9F1B4A00A766DA = {
			isa = PBXGroup;
			children = (
				12FCA5B31C9F1B4A00A766DA /* Wallet */,
				12FCA5CD1C9F1B4A00A766DA /* WalletTests */,
				12FCA5B21C9F1B4A00A766DA /* Products */,
			);
			sourceTree = "<group>";
		};
		12FCA5B21C9F1B4A00A766DA /* Products */ = {
			isa = PBXGroup;
			children = (
				12FCA5B11C9F1B4A00A766DA /* Wallet.app */,
				12FCA5CA1C9F1B4A00A766DA /* WalletTests.xctest */,
			);
			name = Products;
			sourceTree = "<group>";
		};
		12FCA5B31C9F1B4A00A766DA /* Wallet */ = {
			isa = PBXGroup;
			children = (
				120466C21CA3F8E0009CEF7C /* Models */,
				120466B91CA3F718009CEF7C /* Categories */,
				12FCA5D91C9F1B6500A766DA /* Controllers */,
				12FCA5B71C9F1B4A00A766DA /* AppDelegate.h */,
				12FCA5B81C9F1B4A00A766DA /* AppDelegate.m */,
				12FCA5BA1C9F1B4A00A766DA /* ViewController.h */,
				12FCA5BB1C9F1B4A00A766DA /* ViewController.m */,
				12FCA5BD1C9F1B4A00A766DA /* Main.storyboard */,
				12FCA5C01C9F1B4A00A766DA /* Assets.xcassets */,
				12FCA5C21C9F1B4A00A766DA /* LaunchScreen.storyboard */,
				12FCA5C51C9F1B4A00A766DA /* Info.plist */,
				12FCA5B41C9F1B4A00A766DA /* Supporting Files */,
			);
			path = Wallet;
			sourceTree = "<group>";
		};
		12FCA5B41C9F1B4A00A766DA /* Supporting Files */ = {
			isa = PBXGroup;
			children = (
				12FCA5B51C9F1B4A00A766DA /* main.m */,
			);
			name = "Supporting Files";
			sourceTree = "<group>";
		};
		12FCA5CD1C9F1B4A00A766DA /* WalletTests */ = {
			isa = PBXGroup;
			children = (
				120466DE1CA45566009CEF7C /* Models */,
				120466DB1CA451B0009CEF7C /* Controller */,
				120466D51CA4506C009CEF7C /* Singeltons */,
				120466CF1CA44F48009CEF7C /* Network */,
				12FCA5CE1C9F1B4A00A766DA /* WalletTests.m */,
				12FCA5D01C9F1B4A00A766DA /* Info.plist */,
			);
			path = WalletTests;
			sourceTree = "<group>";
		};
		12FCA5D91C9F1B6500A766DA /* Controllers */ = {
			isa = PBXGroup;
			children = (
				120466BD1CA3F76B009CEF7C /* FRTSimpleViewController.h */,
				120466BE1CA3F76B009CEF7C /* FRTSimpleViewController.m */,
				120466C01CA3F7A7009CEF7C /* FRTSimpleViewController.xib */,
				120466CC1CA44C24009CEF7C /* FRTWalletTableViewController.h */,
				120466CD1CA44C24009CEF7C /* FRTWalletTableViewController.m */,
			);
			name = Controllers;
			path = ..;
			sourceTree = "<group>";
		};
/* End PBXGroup section */

/* Begin PBXNativeTarget section */
		12FCA5B01C9F1B4A00A766DA /* Wallet */ = {
			isa = PBXNativeTarget;
			buildConfigurationList = 12FCA5D31C9F1B4A00A766DA /* Build configuration list for PBXNativeTarget "Wallet" */;
			buildPhases = (
				12FCA5AD1C9F1B4A00A766DA /* Sources */,
				12FCA5AE1C9F1B4A00A766DA /* Frameworks */,
				12FCA5AF1C9F1B4A00A766DA /* Resources */,
			);
			buildRules = (
			);
			dependencies = (
			);
			name = Wallet;
			productName = Wallet;
			productReference = 12FCA5B11C9F1B4A00A766DA /* Wallet.app */;
			productType = "com.apple.product-type.application";
		};
		12FCA5C91C9F1B4A00A766DA /* WalletTests */ = {
			isa = PBXNativeTarget;
			buildConfigurationList = 12FCA5D61C9F1B4A00A766DA /* Build configuration list for PBXNativeTarget "WalletTests" */;
			buildPhases = (
				12FCA5C61C9F1B4A00A766DA /* Sources */,
				12FCA5C71C9F1B4A00A766DA /* Frameworks */,
				12FCA5C81C9F1B4A00A766DA /* Resources */,
			);
			buildRules = (
			);
			dependencies = (
				12FCA5CC1C9F1B4A00A766DA /* PBXTargetDependency */,
			);
			name = WalletTests;
			productName = WalletTests;
			productReference = 12FCA5CA1C9F1B4A00A766DA /* WalletTests.xctest */;
			productType = "com.apple.product-type.bundle.unit-test";
		};
/* End PBXNativeTarget section */

/* Begin PBXProject section */
		12FCA5A91C9F1B4A00A766DA /* Project object */ = {
			isa = PBXProject;
			attributes = {
				LastUpgradeCheck = 0720;
				ORGANIZATIONNAME = FratelliApps;
				TargetAttributes = {
					12FCA5B01C9F1B4A00A766DA = {
						CreatedOnToolsVersion = 7.2.1;
					};
					12FCA5C91C9F1B4A00A766DA = {
						CreatedOnToolsVersion = 7.2.1;
						TestTargetID = 12FCA5B01C9F1B4A00A766DA;
					};
				};
			};
			buildConfigurationList = 12FCA5AC1C9F1B4A00A766DA /* Build configuration list for PBXProject "Wallet" */;
			compatibilityVersion = "Xcode 3.2";
			developmentRegion = English;
			hasScannedForEncodings = 0;
			knownRegions = (
				en,
				Base,
			);
			mainGroup = 12FCA5A81C9F1B4A00A766DA;
			productRefGroup = 12FCA5B21C9F1B4A00A766DA /* Products */;
			projectDirPath = "";
			projectRoot = "";
			targets = (
				12FCA5B01C9F1B4A00A766DA /* Wallet */,
				12FCA5C91C9F1B4A00A766DA /* WalletTests */,
			);
		};
/* End PBXProject section */

/* Begin PBXResourcesBuildPhase section */
		12FCA5AF1C9F1B4A00A766DA /* Resources */ = {
			isa = PBXResourcesBuildPhase;
			buildActionMask = 2147483647;
			files = (
				12FCA5C41C9F1B4A00A766DA /* LaunchScreen.storyboard in Resources */,
				12FCA5C11C9F1B4A00A766DA /* Assets.xcassets in Resources */,
				120466C11CA3F7A7009CEF7C /* FRTSimpleViewController.xib in Resources */,
				12FCA5BF1C9F1B4A00A766DA /* Main.storyboard in Resources */,
			);
			runOnlyForDeploymentPostprocessing = 0;
		};
		12FCA5C81C9F1B4A00A766DA /* Resources */ = {
			isa = PBXResourcesBuildPhase;
			buildActionMask = 2147483647;
			files = (
			);
			runOnlyForDeploymentPostprocessing = 0;
		};
/* End PBXResourcesBuildPhase section */

/* Begin PBXSourcesBuildPhase section */
		12FCA5AD1C9F1B4A00A766DA /* Sources */ = {
			isa = PBXSourcesBuildPhase;
			buildActionMask = 2147483647;
			files = (
				12FCA5BC1C9F1B4A00A766DA /* ViewController.m in Sources */,
				120466BC1CA3F726009CEF7C /* NSObject+GNUStepAddons.m in Sources */,
				12FCA5B91C9F1B4A00A766DA /* AppDelegate.m in Sources */,
				120466CB1CA3FC4E009CEF7C /* FRTWallet.m in Sources */,
				120466CE1CA44C24009CEF7C /* FRTWalletTableViewController.m in Sources */,
				120466C51CA3F98D009CEF7C /* FRTMoney.m in Sources */,
				120466BF1CA3F76B009CEF7C /* FRTSimpleViewController.m in Sources */,
				12FCA5B61C9F1B4A00A766DA /* main.m in Sources */,
				120466C81CA3FAFA009CEF7C /* FRTBroker.m in Sources */,
			);
			runOnlyForDeploymentPostprocessing = 0;
		};
		12FCA5C61C9F1B4A00A766DA /* Sources */ = {
			isa = PBXSourcesBuildPhase;
			buildActionMask = 2147483647;
			files = (
				120466D81CA450A5009CEF7C /* FRTFakeNotificationCenter.m in Sources */,
				120466DA1CA450FA009CEF7C /* FRTNSNotificationCenterTests.m in Sources */,
				12FCA5CF1C9F1B4A00A766DA /* WalletTests.m in Sources */,
				120466E41CA45759009CEF7C /* FRTWalletTests.m in Sources */,
				120466DD1CA451DA009CEF7C /* FRTControllerTest.m in Sources */,
				120466D41CA45024009CEF7C /* FRTNetworkTest.m in Sources */,
				120466E01CA455C5009CEF7C /* FRTMoneyTests.m in Sources */,
				120466E21CA456B8009CEF7C /* FRTBrokerTests.m in Sources */,
			);
			runOnlyForDeploymentPostprocessing = 0;
		};
/* End PBXSourcesBuildPhase section */

/* Begin PBXTargetDependency section */
		12FCA5CC1C9F1B4A00A766DA /* PBXTargetDependency */ = {
			isa = PBXTargetDependency;
			target = 12FCA5B01C9F1B4A00A766DA /* Wallet */;
			targetProxy = 12FCA5CB1C9F1B4A00A766DA /* PBXContainerItemProxy */;
		};
/* End PBXTargetDependency section */

/* Begin PBXVariantGroup section */
		12FCA5BD1C9F1B4A00A766DA /* Main.storyboard */ = {
			isa = PBXVariantGroup;
			children = (
				12FCA5BE1C9F1B4A00A766DA /* Base */,
			);
			name = Main.storyboard;
			sourceTree = "<group>";
		};
		12FCA5C21C9F1B4A00A766DA /* LaunchScreen.storyboard */ = {
			isa = PBXVariantGroup;
			children = (
				12FCA5C31C9F1B4A00A766DA /* Base */,
			);
			name = LaunchScreen.storyboard;
			sourceTree = "<group>";
		};
/* End PBXVariantGroup section */

/* Begin XCBuildConfiguration section */
		12FCA5D11C9F1B4A00A766DA /* Debug */ = {
			isa = XCBuildConfiguration;
			buildSettings = {
				ALWAYS_SEARCH_USER_PATHS = NO;
				CLANG_CXX_LANGUAGE_STANDARD = "gnu++0x";
				CLANG_CXX_LIBRARY = "libc++";
				CLANG_ENABLE_MODULES = YES;
				CLANG_ENABLE_OBJC_ARC = YES;
				CLANG_WARN_BOOL_CONVERSION = YES;
				CLANG_WARN_CONSTANT_CONVERSION = YES;
				CLANG_WARN_DIRECT_OBJC_ISA_USAGE = YES_ERROR;
				CLANG_WARN_EMPTY_BODY = YES;
				CLANG_WARN_ENUM_CONVERSION = YES;
				CLANG_WARN_INT_CONVERSION = YES;
				CLANG_WARN_OBJC_ROOT_CLASS = YES_ERROR;
				CLANG_WARN_UNREACHABLE_CODE = YES;
				CLANG_WARN__DUPLICATE_METHOD_MATCH = YES;
				"CODE_SIGN_IDENTITY[sdk=iphoneos*]" = "iPhone Developer";
				COPY_PHASE_STRIP = NO;
				DEBUG_INFORMATION_FORMAT = dwarf;
				ENABLE_STRICT_OBJC_MSGSEND = YES;
				ENABLE_TESTABILITY = YES;
				GCC_C_LANGUAGE_STANDARD = gnu99;
				GCC_DYNAMIC_NO_PIC = NO;
				GCC_NO_COMMON_BLOCKS = YES;
				GCC_OPTIMIZATION_LEVEL = 0;
				GCC_PREPROCESSOR_DEFINITIONS = (
					"DEBUG=1",
					"$(inherited)",
				);
				GCC_WARN_64_TO_32_BIT_CONVERSION = YES;
				GCC_WARN_ABOUT_RETURN_TYPE = YES_ERROR;
				GCC_WARN_UNDECLARED_SELECTOR = YES;
				GCC_WARN_UNINITIALIZED_AUTOS = YES_AGGRESSIVE;
				GCC_WARN_UNUSED_FUNCTION = YES;
				GCC_WARN_UNUSED_VARIABLE = YES;
				IPHONEOS_DEPLOYMENT_TARGET = 9.2;
				MTL_ENABLE_DEBUG_INFO = YES;
				ONLY_ACTIVE_ARCH = YES;
				SDKROOT = iphoneos;
				TARGETED_DEVICE_FAMILY = "1,2";
			};
			name = Debug;
		};
		12FCA5D21C9F1B4A00A766DA /* Release */ = {
			isa = XCBuildConfiguration;
			buildSettings = {
				ALWAYS_SEARCH_USER_PATHS = NO;
				CLANG_CXX_LANGUAGE_STANDARD = "gnu++0x";
				CLANG_CXX_LIBRARY = "libc++";
				CLANG_ENABLE_MODULES = YES;
				CLANG_ENABLE_OBJC_ARC = YES;
				CLANG_WARN_BOOL_CONVERSION = YES;
				CLANG_WARN_CONSTANT_CONVERSION = YES;
				CLANG_WARN_DIRECT_OBJC_ISA_USAGE = YES_ERROR;
				CLANG_WARN_EMPTY_BODY = YES;
				CLANG_WARN_ENUM_CONVERSION = YES;
				CLANG_WARN_INT_CONVERSION = YES;
				CLANG_WARN_OBJC_ROOT_CLASS = YES_ERROR;
				CLANG_WARN_UNREACHABLE_CODE = YES;
				CLANG_WARN__DUPLICATE_METHOD_MATCH = YES;
				"CODE_SIGN_IDENTITY[sdk=iphoneos*]" = "iPhone Developer";
				COPY_PHASE_STRIP = NO;
				DEBUG_INFORMATION_FORMAT = "dwarf-with-dsym";
				ENABLE_NS_ASSERTIONS = NO;
				ENABLE_STRICT_OBJC_MSGSEND = YES;
				GCC_C_LANGUAGE_STANDARD = gnu99;
				GCC_NO_COMMON_BLOCKS = YES;
				GCC_WARN_64_TO_32_BIT_CONVERSION = YES;
				GCC_WARN_ABOUT_RETURN_TYPE = YES_ERROR;
				GCC_WARN_UNDECLARED_SELECTOR = YES;
				GCC_WARN_UNINITIALIZED_AUTOS = YES_AGGRESSIVE;
				GCC_WARN_UNUSED_FUNCTION = YES;
				GCC_WARN_UNUSED_VARIABLE = YES;
				IPHONEOS_DEPLOYMENT_TARGET = 9.2;
				MTL_ENABLE_DEBUG_INFO = NO;
				SDKROOT = iphoneos;
				TARGETED_DEVICE_FAMILY = "1,2";
				VALIDATE_PRODUCT = YES;
			};
			name = Release;
		};
		12FCA5D41C9F1B4A00A766DA /* Debug */ = {
			isa = XCBuildConfiguration;
			buildSettings = {
				ASSETCATALOG_COMPILER_APPICON_NAME = AppIcon;
				INFOPLIST_FILE = Wallet/Info.plist;
				LD_RUNPATH_SEARCH_PATHS = "$(inherited) @executable_path/Frameworks";
				PRODUCT_BUNDLE_IDENTIFIER = com.fratelliapps.Wallet;
				PRODUCT_NAME = "$(TARGET_NAME)";
			};
			name = Debug;
		};
		12FCA5D51C9F1B4A00A766DA /* Release */ = {
			isa = XCBuildConfiguration;
			buildSettings = {
				ASSETCATALOG_COMPILER_APPICON_NAME = AppIcon;
				INFOPLIST_FILE = Wallet/Info.plist;
				LD_RUNPATH_SEARCH_PATHS = "$(inherited) @executable_path/Frameworks";
				PRODUCT_BUNDLE_IDENTIFIER = com.fratelliapps.Wallet;
				PRODUCT_NAME = "$(TARGET_NAME)";
			};
			name = Release;
		};
		12FCA5D71C9F1B4A00A766DA /* Debug */ = {
			isa = XCBuildConfiguration;
			buildSettings = {
				BUNDLE_LOADER = "$(TEST_HOST)";
				INFOPLIST_FILE = WalletTests/Info.plist;
				LD_RUNPATH_SEARCH_PATHS = "$(inherited) @executable_path/Frameworks @loader_path/Frameworks";
				PRODUCT_BUNDLE_IDENTIFIER = com.fratelliapps.WalletTests;
				PRODUCT_NAME = "$(TARGET_NAME)";
				TEST_HOST = "$(BUILT_PRODUCTS_DIR)/Wallet.app/Wallet";
			};
			name = Debug;
		};
		12FCA5D81C9F1B4A00A766DA /* Release */ = {
			isa = XCBuildConfiguration;
			buildSettings = {
				BUNDLE_LOADER = "$(TEST_HOST)";
				INFOPLIST_FILE = WalletTests/Info.plist;
				LD_RUNPATH_SEARCH_PATHS = "$(inherited) @executable_path/Frameworks @loader_path/Frameworks";
				PRODUCT_BUNDLE_IDENTIFIER = com.fratelliapps.WalletTests;
				PRODUCT_NAME = "$(TARGET_NAME)";
				TEST_HOST = "$(BUILT_PRODUCTS_DIR)/Wallet.app/Wallet";
			};
			name = Release;
		};
/* End XCBuildConfiguration section */

/* Begin XCConfigurationList section */
		12FCA5AC1C9F1B4A00A766DA /* Build configuration list for PBXProject "Wallet" */ = {
			isa = XCConfigurationList;
			buildConfigurations = (
				12FCA5D11C9F1B4A00A766DA /* Debug */,
				12FCA5D21C9F1B4A00A766DA /* Release */,
			);
			defaultConfigurationIsVisible = 0;
			defaultConfigurationName = Release;
		};
		12FCA5D31C9F1B4A00A766DA /* Build configuration list for PBXNativeTarget "Wallet" */ = {
			isa = XCConfigurationList;
			buildConfigurations = (
				12FCA5D41C9F1B4A00A766DA /* Debug */,
				12FCA5D51C9F1B4A00A766DA /* Release */,
			);
			defaultConfigurationIsVisible = 0;
			defaultConfigurationName = Release;
		};
		12FCA5D61C9F1B4A00A766DA /* Build configuration list for PBXNativeTarget "WalletTests" */ = {
			isa = XCConfigurationList;
			buildConfigurations = (
				12FCA5D71C9F1B4A00A766DA /* Debug */,
				12FCA5D81C9F1B4A00A766DA /* Release */,
			);
			defaultConfigurationIsVisible = 0;
			defaultConfigurationName = Release;
		};
/* End XCConfigurationList section */
	};
	rootObject = 12FCA5A91C9F1B4A00A766DA /* Project object */;
}
